// !$*UTF8*$!
{
	archiveVersion = 1;
	classes = {
	};
	objectVersion = 46;
	objects = {

/* Begin PBXBuildFile section */
		946B26D01B0CDBA10037CF5C /* AlbertEinsteinStamp.jpg in Resources */ = {isa = PBXBuildFile; fileRef = 946B26CF1B0CDBA10037CF5C /* AlbertEinsteinStamp.jpg */; };
		94F3771D1B0BFF2F0091BB8A /* AppDelegate.swift in Sources */ = {isa = PBXBuildFile; fileRef = 94F3771C1B0BFF2F0091BB8A /* AppDelegate.swift */; };
		94F3771F1B0BFF2F0091BB8A /* ViewController.swift in Sources */ = {isa = PBXBuildFile; fileRef = 94F3771E1B0BFF2F0091BB8A /* ViewController.swift */; };
		94F377221B0BFF2F0091BB8A /* Main.storyboard in Resources */ = {isa = PBXBuildFile; fileRef = 94F377201B0BFF2F0091BB8A /* Main.storyboard */; };
		94F377241B0BFF2F0091BB8A /* Images.xcassets in Resources */ = {isa = PBXBuildFile; fileRef = 94F377231B0BFF2F0091BB8A /* Images.xcassets */; };
		94F377271B0BFF2F0091BB8A /* LaunchScreen.xib in Resources */ = {isa = PBXBuildFile; fileRef = 94F377251B0BFF2F0091BB8A /* LaunchScreen.xib */; };
		94F377331B0BFF2F0091BB8A /* PostcardTests.swift in Sources */ = {isa = PBXBuildFile; fileRef = 94F377321B0BFF2F0091BB8A /* PostcardTests.swift */; };
		94F3773D1B0C08D40091BB8A /* SagradaFamilia.jpeg in Resources */ = {isa = PBXBuildFile; fileRef = 94F3773C1B0C08D40091BB8A /* SagradaFamilia.jpeg */; };
/* End PBXBuildFile section */

/* Begin PBXContainerItemProxy section */
		94F3772D1B0BFF2F0091BB8A /* PBXContainerItemProxy */ = {
			isa = PBXContainerItemProxy;
			containerPortal = 94F3770F1B0BFF2F0091BB8A /* Project object */;
			proxyType = 1;
			remoteGlobalIDString = 94F377161B0BFF2F0091BB8A;
			remoteInfo = Postcard;
		};
/* End PBXContainerItemProxy section */

/* Begin PBXFileReference section */
		946B26CF1B0CDBA10037CF5C /* AlbertEinsteinStamp.jpg */ = {isa = PBXFileReference; lastKnownFileType = image.jpeg; path = AlbertEinsteinStamp.jpg; sourceTree = "<group>"; };
		94F377171B0BFF2F0091BB8A /* Postcard.app */ = {isa = PBXFileReference; explicitFileType = wrapper.application; includeInIndex = 0; path = Postcard.app; sourceTree = BUILT_PRODUCTS_DIR; };
		94F3771B1B0BFF2F0091BB8A /* Info.plist */ = {isa = PBXFileReference; lastKnownFileType = text.plist.xml; path = Info.plist; sourceTree = "<group>"; };
		94F3771C1B0BFF2F0091BB8A /* AppDelegate.swift */ = {isa = PBXFileReference; lastKnownFileType = sourcecode.swift; path = AppDelegate.swift; sourceTree = "<group>"; };
		94F3771E1B0BFF2F0091BB8A /* ViewController.swift */ = {isa = PBXFileReference; lastKnownFileType = sourcecode.swift; path = ViewController.swift; sourceTree = "<group>"; };
		94F377211B0BFF2F0091BB8A /* Base */ = {isa = PBXFileReference; lastKnownFileType = file.storyboard; name = Base; path = Base.lproj/Main.storyboard; sourceTree = "<group>"; };
		94F377231B0BFF2F0091BB8A /* Images.xcassets */ = {isa = PBXFileReference; lastKnownFileType = folder.assetcatalog; path = Images.xcassets; sourceTree = "<group>"; };
		94F377261B0BFF2F0091BB8A /* Base */ = {isa = PBXFileReference; lastKnownFileType = file.xib; name = Base; path = Base.lproj/LaunchScreen.xib; sourceTree = "<group>"; };
		94F3772C1B0BFF2F0091BB8A /* PostcardTests.xctest */ = {isa = PBXFileReference; explicitFileType = wrapper.cfbundle; includeInIndex = 0; path = PostcardTests.xctest; sourceTree = BUILT_PRODUCTS_DIR; };
		94F377311B0BFF2F0091BB8A /* Info.plist */ = {isa = PBXFileReference; lastKnownFileType = text.plist.xml; path = Info.plist; sourceTree = "<group>"; };
		94F377321B0BFF2F0091BB8A /* PostcardTests.swift */ = {isa = PBXFileReference; lastKnownFileType = sourcecode.swift; path = PostcardTests.swift; sourceTree = "<group>"; };
		94F3773C1B0C08D40091BB8A /* SagradaFamilia.jpeg */ = {isa = PBXFileReference; lastKnownFileType = image.jpeg; path = SagradaFamilia.jpeg; sourceTree = "<group>"; };
/* End PBXFileReference section */

/* Begin PBXFrameworksBuildPhase section */
		94F377141B0BFF2F0091BB8A /* Frameworks */ = {
			isa = PBXFrameworksBuildPhase;
			buildActionMask = 2147483647;
			files = (
			);
			runOnlyForDeploymentPostprocessing = 0;
		};
		94F377291B0BFF2F0091BB8A /* Frameworks */ = {
			isa = PBXFrameworksBuildPhase;
			buildActionMask = 2147483647;
			files = (
			);
			runOnlyForDeploymentPostprocessing = 0;
		};
/* End PBXFrameworksBuildPhase section */

/* Begin PBXGroup section */
		94F3770E1B0BFF2F0091BB8A = {
			isa = PBXGroup;
			children = (
				94F377191B0BFF2F0091BB8A /* Postcard */,
				94F3772F1B0BFF2F0091BB8A /* PostcardTests */,
				94F377181B0BFF2F0091BB8A /* Products */,
			);
			sourceTree = "<group>";
		};
		94F377181B0BFF2F0091BB8A /* Products */ = {
			isa = PBXGroup;
			children = (
				94F377171B0BFF2F0091BB8A /* Postcard.app */,
				94F3772C1B0BFF2F0091BB8A /* PostcardTests.xctest */,
			);
			name = Products;
			sourceTree = "<group>";
		};
		94F377191B0BFF2F0091BB8A /* Postcard */ = {
			isa = PBXGroup;
			children = (
				94F3771C1B0BFF2F0091BB8A /* AppDelegate.swift */,
				94F3771E1B0BFF2F0091BB8A /* ViewController.swift */,
				94F377201B0BFF2F0091BB8A /* Main.storyboard */,
				94F377231B0BFF2F0091BB8A /* Images.xcassets */,
				94F377251B0BFF2F0091BB8A /* LaunchScreen.xib */,
				94F3771A1B0BFF2F0091BB8A /* Supporting Files */,
			);
			path = Postcard;
			sourceTree = "<group>";
		};
		94F3771A1B0BFF2F0091BB8A /* Supporting Files */ = {
			isa = PBXGroup;
			children = (
				946B26CF1B0CDBA10037CF5C /* AlbertEinsteinStamp.jpg */,
				94F3773C1B0C08D40091BB8A /* SagradaFamilia.jpeg */,
				94F3771B1B0BFF2F0091BB8A /* Info.plist */,
			);
			name = "Supporting Files";
			sourceTree = "<group>";
		};
		94F3772F1B0BFF2F0091BB8A /* PostcardTests */ = {
			isa = PBXGroup;
			children = (
				94F377321B0BFF2F0091BB8A /* PostcardTests.swift */,
				94F377301B0BFF2F0091BB8A /* Supporting Files */,
			);
			path = PostcardTests;
			sourceTree = "<group>";
		};
		94F377301B0BFF2F0091BB8A /* Supporting Files */ = {
			isa = PBXGroup;
			children = (
				94F377311B0BFF2F0091BB8A /* Info.plist */,
			);
			name = "Supporting Files";
			sourceTree = "<group>";
		};
/* End PBXGroup section */

/* Begin PBXNativeTarget section */
		94F377161B0BFF2F0091BB8A /* Postcard */ = {
			isa = PBXNativeTarget;
			buildConfigurationList = 94F377361B0BFF2F0091BB8A /* Build configuration list for PBXNativeTarget "Postcard" */;
			buildPhases = (
				94F377131B0BFF2F0091BB8A /* Sources */,
				94F377141B0BFF2F0091BB8A /* Frameworks */,
				94F377151B0BFF2F0091BB8A /* Resources */,
			);
			buildRules = (
			);
			dependencies = (
			);
			name = Postcard;
			productName = Postcard;
			productReference = 94F377171B0BFF2F0091BB8A /* Postcard.app */;
			productType = "com.apple.product-type.application";
		};
		94F3772B1B0BFF2F0091BB8A /* PostcardTests */ = {
			isa = PBXNativeTarget;
			buildConfigurationList = 94F377391B0BFF2F0091BB8A /* Build configuration list for PBXNativeTarget "PostcardTests" */;
			buildPhases = (
				94F377281B0BFF2F0091BB8A /* Sources */,
				94F377291B0BFF2F0091BB8A /* Frameworks */,
				94F3772A1B0BFF2F0091BB8A /* Resources */,
			);
			buildRules = (
			);
			dependencies = (
				94F3772E1B0BFF2F0091BB8A /* PBXTargetDependency */,
			);
			name = PostcardTests;
			productName = PostcardTests;
			productReference = 94F3772C1B0BFF2F0091BB8A /* PostcardTests.xctest */;
			productType = "com.apple.product-type.bundle.unit-test";
		};
/* End PBXNativeTarget section */

/* Begin PBXProject section */
		94F3770F1B0BFF2F0091BB8A /* Project object */ = {
			isa = PBXProject;
			attributes = {
				LastUpgradeCheck = 0630;
				ORGANIZATIONNAME = "Ryan Maule";
				TargetAttributes = {
					94F377161B0BFF2F0091BB8A = {
						CreatedOnToolsVersion = 6.3.2;
					};
					94F3772B1B0BFF2F0091BB8A = {
						CreatedOnToolsVersion = 6.3.2;
						TestTargetID = 94F377161B0BFF2F0091BB8A;
					};
				};
			};
			buildConfigurationList = 94F377121B0BFF2F0091BB8A /* Build configuration list for PBXProject "Postcard" */;
			compatibilityVersion = "Xcode 3.2";
			developmentRegion = English;
			hasScannedForEncodings = 0;
			knownRegions = (
				en,
				Base,
			);
			mainGroup = 94F3770E1B0BFF2F0091BB8A;
			productRefGroup = 94F377181B0BFF2F0091BB8A /* Products */;
			projectDirPath = "";
			projectRoot = "";
			targets = (
				94F377161B0BFF2F0091BB8A /* Postcard */,
				94F3772B1B0BFF2F0091BB8A /* PostcardTests */,
			);
		};
/* End PBXProject section */

/* Begin PBXResourcesBuildPhase section */
		94F377151B0BFF2F0091BB8A /* Resources */ = {
			isa = PBXResourcesBuildPhase;
			buildActionMask = 2147483647;
			files = (
				94F377221B0BFF2F0091BB8A /* Main.storyboard in Resources */,
				94F3773D1B0C08D40091BB8A /* SagradaFamilia.jpeg in Resources */,
				946B26D01B0CDBA10037CF5C /* AlbertEinsteinStamp.jpg in Resources */,
				94F377271B0BFF2F0091BB8A /* LaunchScreen.xib in Resources */,
				94F377241B0BFF2F0091BB8A /* Images.xcassets in Resources */,
			);
			runOnlyForDeploymentPostprocessing = 0;
		};
		94F3772A1B0BFF2F0091BB8A /* Resources */ = {
			isa = PBXResourcesBuildPhase;
			buildActionMask = 2147483647;
			files = (
			);
			runOnlyForDeploymentPostprocessing = 0;
		};
/* End PBXResourcesBuildPhase section */

/* Begin PBXSourcesBuildPhase section */
		94F377131B0BFF2F0091BB8A /* Sources */ = {
			isa = PBXSourcesBuildPhase;
			buildActionMask = 2147483647;
			files = (
				94F3771F1B0BFF2F0091BB8A /* ViewController.swift in Sources */,
				94F3771D1B0BFF2F0091BB8A /* AppDelegate.swift in Sources */,
			);
			runOnlyForDeploymentPostprocessing = 0;
		};
		94F377281B0BFF2F0091BB8A /* Sources */ = {
			isa = PBXSourcesBuildPhase;
			buildActionMask = 2147483647;
			files = (
				94F377331B0BFF2F0091BB8A /* PostcardTests.swift in Sources */,
			);
			runOnlyForDeploymentPostprocessing = 0;
		};
/* End PBXSourcesBuildPhase section */

/* Begin PBXTargetDependency section */
		94F3772E1B0BFF2F0091BB8A /* PBXTargetDependency */ = {
			isa = PBXTargetDependency;
			target = 94F377161B0BFF2F0091BB8A /* Postcard */;
			targetProxy = 94F3772D1B0BFF2F0091BB8A /* PBXContainerItemProxy */;
		};
/* End PBXTargetDependency section */

/* Begin PBXVariantGroup section */
		94F377201B0BFF2F0091BB8A /* Main.storyboard */ = {
			isa = PBXVariantGroup;
			children = (
				94F377211B0BFF2F0091BB8A /* Base */,
			);
			name = Main.storyboard;
			sourceTree = "<group>";
		};
		94F377251B0BFF2F0091BB8A /* LaunchScreen.xib */ = {
			isa = PBXVariantGroup;
			children = (
				94F377261B0BFF2F0091BB8A /* Base */,
			);
			name = LaunchScreen.xib;
			sourceTree = "<group>";
		};
/* End PBXVariantGroup section */

/* Begin XCBuildConfiguration section */
		94F377341B0BFF2F0091BB8A /* Debug */ = {
			isa = XCBuildConfiguration;
			buildSettings = {
				ALWAYS_SEARCH_USER_PATHS = NO;
				CLANG_CXX_LANGUAGE_STANDARD = "gnu++0x";
				CLANG_CXX_LIBRARY = "libc++";
				CLANG_ENABLE_MODULES = YES;
				CLANG_ENABLE_OBJC_ARC = YES;
				CLANG_WARN_BOOL_CONVERSION = YES;
				CLANG_WARN_CONSTANT_CONVERSION = YES;
				CLANG_WARN_DIRECT_OBJC_ISA_USAGE = YES_ERROR;
				CLANG_WARN_EMPTY_BODY = YES;
				CLANG_WARN_ENUM_CONVERSION = YES;
				CLANG_WARN_INT_CONVERSION = YES;
				CLANG_WARN_OBJC_ROOT_CLASS = YES_ERROR;
				CLANG_WARN_UNREACHABLE_CODE = YES;
				CLANG_WARN__DUPLICATE_METHOD_MATCH = YES;
				"CODE_SIGN_IDENTITY[sdk=iphoneos*]" = "iPhone Developer";
				COPY_PHASE_STRIP = NO;
				DEBUG_INFORMATION_FORMAT = "dwarf-with-dsym";
				ENABLE_STRICT_OBJC_MSGSEND = YES;
				GCC_C_LANGUAGE_STANDARD = gnu99;
				GCC_DYNAMIC_NO_PIC = NO;
				GCC_NO_COMMON_BLOCKS = YES;
				GCC_OPTIMIZATION_LEVEL = 0;
				GCC_PREPROCESSOR_DEFINITIONS = (
					"DEBUG=1",
					"$(inherited)",
				);
				GCC_SYMBOLS_PRIVATE_EXTERN = NO;
				GCC_WARN_64_TO_32_BIT_CONVERSION = YES;
				GCC_WARN_ABOUT_RETURN_TYPE = YES_ERROR;
				GCC_WARN_UNDECLARED_SELECTOR = YES;
				GCC_WARN_UNINITIALIZED_AUTOS = YES_AGGRESSIVE;
				GCC_WARN_UNUSED_FUNCTION = YES;
				GCC_WARN_UNUSED_VARIABLE = YES;
				IPHONEOS_DEPLOYMENT_TARGET = 8.3;
				MTL_ENABLE_DEBUG_INFO = YES;
				ONLY_ACTIVE_ARCH = YES;
				SDKROOT = iphoneos;
				SWIFT_OPTIMIZATION_LEVEL = "-Onone";
				TARGETED_DEVICE_FAMILY = "1,2";
			};
			name = Debug;
		};
		94F377351B0BFF2F0091BB8A /* Release */ = {
			isa = XCBuildConfiguration;
			buildSettings = {
				ALWAYS_SEARCH_USER_PATHS = NO;
				CLANG_CXX_LANGUAGE_STANDARD = "gnu++0x";
				CLANG_CXX_LIBRARY = "libc++";
				CLANG_ENABLE_MODULES = YES;
				CLANG_ENABLE_OBJC_ARC = YES;
				CLANG_WARN_BOOL_CONVERSION = YES;
				CLANG_WARN_CONSTANT_CONVERSION = YES;
				CLANG_WARN_DIRECT_OBJC_ISA_USAGE = YES_ERROR;
				CLANG_WARN_EMPTY_BODY = YES;
				CLANG_WARN_ENUM_CONVERSION = YES;
				CLANG_WARN_INT_CONVERSION = YES;
				CLANG_WARN_OBJC_ROOT_CLASS = YES_ERROR;
				CLANG_WARN_UNREACHABLE_CODE = YES;
				CLANG_WARN__DUPLICATE_METHOD_MATCH = YES;
				"CODE_SIGN_IDENTITY[sdk=iphoneos*]" = "iPhone Developer";
				COPY_PHASE_STRIP = NO;
				DEBUG_INFORMATION_FORMAT = "dwarf-with-dsym";
				ENABLE_NS_ASSERTIONS = NO;
				ENABLE_STRICT_OBJC_MSGSEND = YES;
				GCC_C_LANGUAGE_STANDARD = gnu99;
				GCC_NO_COMMON_BLOCKS = YES;
				GCC_WARN_64_TO_32_BIT_CONVERSION = YES;
				GCC_WARN_ABOUT_RETURN_TYPE = YES_ERROR;
				GCC_WARN_UNDECLARED_SELECTOR = YES;
				GCC_WARN_UNINITIALIZED_AUTOS = YES_AGGRESSIVE;
				GCC_WARN_UNUSED_FUNCTION = YES;
				GCC_WARN_UNUSED_VARIABLE = YES;
				IPHONEOS_DEPLOYMENT_TARGET = 8.3;
				MTL_ENABLE_DEBUG_INFO = NO;
				SDKROOT = iphoneos;
				TARGETED_DEVICE_FAMILY = "1,2";
				VALIDATE_PRODUCT = YES;
			};
			name = Release;
		};
		94F377371B0BFF2F0091BB8A /* Debug */ = {
			isa = XCBuildConfiguration;
			buildSettings = {
				ASSETCATALOG_COMPILER_APPICON_NAME = AppIcon;
				INFOPLIST_FILE = Postcard/Info.plist;
				LD_RUNPATH_SEARCH_PATHS = "$(inherited) @executable_path/Frameworks";
				PRODUCT_NAME = "$(TARGET_NAME)";
			};
			name = Debug;
		};
		94F377381B0BFF2F0091BB8A /* Release */ = {
			isa = XCBuildConfiguration;
			buildSettings = {
				ASSETCATALOG_COMPILER_APPICON_NAME = AppIcon;
				INFOPLIST_FILE = Postcard/Info.plist;
				LD_RUNPATH_SEARCH_PATHS = "$(inherited) @executable_path/Frameworks";
				PRODUCT_NAME = "$(TARGET_NAME)";
			};
			name = Release;
		};
		94F3773A1B0BFF2F0091BB8A /* Debug */ = {
			isa = XCBuildConfiguration;
			buildSettings = {
				BUNDLE_LOADER = "$(TEST_HOST)";
				FRAMEWORK_SEARCH_PATHS = (
					"$(SDKROOT)/Developer/Library/Frameworks",
					"$(inherited)",
				);
				GCC_PREPROCESSOR_DEFINITIONS = (
					"DEBUG=1",
					"$(inherited)",
				);
				INFOPLIST_FILE = PostcardTests/Info.plist;
				LD_RUNPATH_SEARCH_PATHS = "$(inherited) @executable_path/Frameworks @loader_path/Frameworks";
				PRODUCT_NAME = "$(TARGET_NAME)";
				TEST_HOST = "$(BUILT_PRODUCTS_DIR)/Postcard.app/Postcard";
			};
			name = Debug;
		};
		94F3773B1B0BFF2F0091BB8A /* Release */ = {
			isa = XCBuildConfiguration;
			buildSettings = {
				BUNDLE_LOADER = "$(TEST_HOST)";
				FRAMEWORK_SEARCH_PATHS = (
					"$(SDKROOT)/Developer/Library/Frameworks",
					"$(inherited)",
				);
				INFOPLIST_FILE = PostcardTests/Info.plist;
				LD_RUNPATH_SEARCH_PATHS = "$(inherited) @executable_path/Frameworks @loader_path/Frameworks";
				PRODUCT_NAME = "$(TARGET_NAME)";
				TEST_HOST = "$(BUILT_PRODUCTS_DIR)/Postcard.app/Postcard";
			};
			name = Release;
		};
/* End XCBuildConfiguration section */

/* Begin XCConfigurationList section */
		94F377121B0BFF2F0091BB8A /* Build configuration list for PBXProject "Postcard" */ = {
			isa = XCConfigurationList;
			buildConfigurations = (
				94F377341B0BFF2F0091BB8A /* Debug */,
				94F377351B0BFF2F0091BB8A /* Release */,
			);
			defaultConfigurationIsVisible = 0;
			defaultConfigurationName = Release;
		};
		94F377361B0BFF2F0091BB8A /* Build configuration list for PBXNativeTarget "Postcard" */ = {
			isa = XCConfigurationList;
			buildConfigurations = (
				94F377371B0BFF2F0091BB8A /* Debug */,
				94F377381B0BFF2F0091BB8A /* Release */,
			);
			defaultConfigurationIsVisible = 0;
			defaultConfigurationName = Release;
		};
		94F377391B0BFF2F0091BB8A /* Build configuration list for PBXNativeTarget "PostcardTests" */ = {
			isa = XCConfigurationList;
			buildConfigurations = (
				94F3773A1B0BFF2F0091BB8A /* Debug */,
				94F3773B1B0BFF2F0091BB8A /* Release */,
			);
			defaultConfigurationIsVisible = 0;
			defaultConfigurationName = Release;
		};
/* End XCConfigurationList section */
	};
	rootObject = 94F3770F1B0BFF2F0091BB8A /* Project object */;
}
